
Microsoft Visual Studio Solution File, Format Version 12.00
# Visual Studio Version 17
VisualStudioVersion = 17.1.32210.238
MinimumVisualStudioVersion = 10.0.40219.1
Project("{9A19103F-16F7-4668-BE54-9A1E7A4F7556}") = "RomanNumbersUnitTest", "RomanNumbersUnitTest\RomanNumbersUnitTest.csproj", "{95FD70BC-BE7A-494D-99B1-00080F3F6993}"
EndProject
Project("{9A19103F-16F7-4668-BE54-9A1E7A4F7556}") = "AvaloniaApplication1", "AvaloniaApplication1\AvaloniaApplication1.csproj", "{7E2A0E3D-90C1-4D73-913F-38542B851B33}"
EndProject
Global
	GlobalSection(SolutionConfigurationPlatforms) = preSolution
		Debug|Any CPU = Debug|Any CPU
		Release|Any CPU = Release|Any CPU
	EndGlobalSection
	GlobalSection(ProjectConfigurationPlatforms) = postSolution
		{95FD70BC-BE7A-494D-99B1-00080F3F6993}.Debug|Any CPU.ActiveCfg = Debug|Any CPU
		{95FD70BC-BE7A-494D-99B1-00080F3F6993}.Debug|Any CPU.Build.0 = Debug|Any CPU
		{95FD70BC-BE7A-494D-99B1-00080F3F6993}.Release|Any CPU.ActiveCfg = Release|Any CPU
		{95FD70BC-BE7A-494D-99B1-00080F3F6993}.Release|Any CPU.Build.0 = Release|Any CPU
		{7E2A0E3D-90C1-4D73-913F-38542B851B33}.Debug|Any CPU.ActiveCfg = Debug|Any CPU
		{7E2A0E3D-90C1-4D73-913F-38542B851B33}.Debug|Any CPU.Build.0 = Debug|Any CPU
		{7E2A0E3D-90C1-4D73-913F-38542B851B33}.Release|Any CPU.ActiveCfg = Release|Any CPU
		{7E2A0E3D-90C1-4D73-913F-38542B851B33}.Release|Any CPU.Build.0 = Release|Any CPU
	EndGlobalSection
	GlobalSection(SolutionProperties) = preSolution
		HideSolutionNode = FALSE
	EndGlobalSection
	GlobalSection(ExtensibilityGlobals) = postSolution
		SolutionGuid = {40446C00-904C-418D-9D96-F26E480EF09E}
	EndGlobalSection
EndGlobal
